
Microsoft Visual Studio Solution File, Format Version 12.00
# Visual Studio Version 17
VisualStudioVersion = 17.5.002.0
MinimumVisualStudioVersion = 10.0.40219.1
Project("{2150E333-8FDC-42A3-9474-1A3956D46DE8}") = "prepare", "prepare", "{9A1D4555-E5F6-4022-95A7-DB2A6AB37FBA}"
EndProject
Project("{9A19103F-16F7-4668-BE54-9A1E7A4F7556}") = "Learning02", "prepare\Learning02\Learning02.csproj", "{0E00471F-8C3D-4A41-A2BB-D6047F59C5EC}"
EndProject
Project("{9A19103F-16F7-4668-BE54-9A1E7A4F7556}") = "Learning05", "prepare\Learning05\Learning05.csproj", "{5717E528-23D8-48B6-9B9F-01E7687EEECA}"
EndProject
Project("{9A19103F-16F7-4668-BE54-9A1E7A4F7556}") = "Learning04", "prepare\Learning04\Learning04.csproj", "{06046A5D-FAEE-4ED5-96FC-B339582B7AD4}"
EndProject
Project("{9A19103F-16F7-4668-BE54-9A1E7A4F7556}") = "Learning03", "prepare\Learning03\Learning03.csproj", "{C4FB65BC-9245-464B-B748-5F07C3A11B19}"
EndProject
Project("{2150E333-8FDC-42A3-9474-1A3956D46DE8}") = "prove", "prove", "{F59977D0-E3AE-4C1F-86B7-BAB3FF3551AC}"
EndProject
Project("{9A19103F-16F7-4668-BE54-9A1E7A4F7556}") = "Develop03", "prove\Develop03\Develop03.csproj", "{C32B2058-0F5D-464B-947E-774A4AB98BC4}"
EndProject
Project("{9A19103F-16F7-4668-BE54-9A1E7A4F7556}") = "Develop04", "prove\Develop04\Develop04.csproj", "{FC9F31A3-DB07-49A0-A587-ED8C9C1BAD57}"
EndProject
Project("{9A19103F-16F7-4668-BE54-9A1E7A4F7556}") = "Develop05", "prove\Develop05\Develop05.csproj", "{2E52DE28-761F-4CB7-A41F-86FA14A73281}"
EndProject
Project("{9A19103F-16F7-4668-BE54-9A1E7A4F7556}") = "Develop02", "prove\Develop02\Develop02.csproj", "{1FE0E0DF-0B2E-4647-BCE2-4C51EDDDC0FE}"
EndProject
Project("{2150E333-8FDC-42A3-9474-1A3956D46DE8}") = "sandbox", "sandbox", "{507F4F79-90CE-474E-BA79-86B0D1736D06}"
EndProject
Project("{9A19103F-16F7-4668-BE54-9A1E7A4F7556}") = "Sandbox", "sandbox\Sandbox\Sandbox.csproj", "{75B3B1D5-62ED-47DE-A7F5-4F2FF275CE6D}"
EndProject
Project("{2150E333-8FDC-42A3-9474-1A3956D46DE8}") = "final", "final", "{56C05E39-8C27-4080-BC57-5EE3EAFF396C}"
EndProject
Project("{9A19103F-16F7-4668-BE54-9A1E7A4F7556}") = "FinalProject", "final\FinalProject\FinalProject.csproj", "{6F1D619A-6DBC-4C24-9AE1-E4B52B83E3D5}"
EndProject
Project("{9A19103F-16F7-4668-BE54-9A1E7A4F7556}") = "Foundation1", "final\Foundation1\Foundation1.csproj", "{DDE70DB6-40BA-4AC8-9DF4-9B89A9E86E59}"
EndProject
Project("{9A19103F-16F7-4668-BE54-9A1E7A4F7556}") = "Foundation4", "final\Foundation4\Foundation4.csproj", "{B1013944-9554-4C12-BE0E-A6E22F2BE16D}"
EndProject
Project("{9A19103F-16F7-4668-BE54-9A1E7A4F7556}") = "Foundation3", "final\Foundation3\Foundation3.csproj", "{0B409839-651A-4B11-949F-FC038CEC0785}"
EndProject
Project("{9A19103F-16F7-4668-BE54-9A1E7A4F7556}") = "Foundation2", "final\Foundation2\Foundation2.csproj", "{9DE586C6-0669-4B8B-B8BA-D0C3EFB6B96F}"
EndProject
Project("{2150E333-8FDC-42A3-9474-1A3956D46DE8}") = "csharp-prep", "csharp-prep", "{15A51346-04FA-4FEB-9FCC-2BED54D94ACE}"
EndProject
Project("{9A19103F-16F7-4668-BE54-9A1E7A4F7556}") = "Prep1", "csharp-prep\Prep1\Prep1.csproj", "{24885C48-7B4B-4C2F-98B1-13162ACAA486}"
EndProject
Project("{9A19103F-16F7-4668-BE54-9A1E7A4F7556}") = "Prep5", "csharp-prep\Prep5\Prep5.csproj", "{46F3099B-7A52-497F-A4CD-3C872C17A14C}"
EndProject
Project("{9A19103F-16F7-4668-BE54-9A1E7A4F7556}") = "Prep2", "csharp-prep\Prep2\Prep2.csproj", "{BBCF4C8F-5021-4576-B84D-EC974870B116}"
EndProject
Project("{9A19103F-16F7-4668-BE54-9A1E7A4F7556}") = "Prep3", "csharp-prep\Prep3\Prep3.csproj", "{C1CF56BA-9B96-42BF-90D2-71B0B1CF4B0D}"
EndProject
Project("{9A19103F-16F7-4668-BE54-9A1E7A4F7556}") = "Prep4", "csharp-prep\Prep4\Prep4.csproj", "{388B0F35-00CB-4CBA-80CE-DD604E33172A}"
EndProject
Global
	GlobalSection(SolutionConfigurationPlatforms) = preSolution
		Debug|Any CPU = Debug|Any CPU
		Release|Any CPU = Release|Any CPU
	EndGlobalSection
	GlobalSection(ProjectConfigurationPlatforms) = postSolution
		{0E00471F-8C3D-4A41-A2BB-D6047F59C5EC}.Debug|Any CPU.ActiveCfg = Debug|Any CPU
		{0E00471F-8C3D-4A41-A2BB-D6047F59C5EC}.Debug|Any CPU.Build.0 = Debug|Any CPU
		{0E00471F-8C3D-4A41-A2BB-D6047F59C5EC}.Release|Any CPU.ActiveCfg = Release|Any CPU
		{0E00471F-8C3D-4A41-A2BB-D6047F59C5EC}.Release|Any CPU.Build.0 = Release|Any CPU
		{5717E528-23D8-48B6-9B9F-01E7687EEECA}.Debug|Any CPU.ActiveCfg = Debug|Any CPU
		{5717E528-23D8-48B6-9B9F-01E7687EEECA}.Debug|Any CPU.Build.0 = Debug|Any CPU
		{5717E528-23D8-48B6-9B9F-01E7687EEECA}.Release|Any CPU.ActiveCfg = Release|Any CPU
		{5717E528-23D8-48B6-9B9F-01E7687EEECA}.Release|Any CPU.Build.0 = Release|Any CPU
		{06046A5D-FAEE-4ED5-96FC-B339582B7AD4}.Debug|Any CPU.ActiveCfg = Debug|Any CPU
		{06046A5D-FAEE-4ED5-96FC-B339582B7AD4}.Debug|Any CPU.Build.0 = Debug|Any CPU
		{06046A5D-FAEE-4ED5-96FC-B339582B7AD4}.Release|Any CPU.ActiveCfg = Release|Any CPU
		{06046A5D-FAEE-4ED5-96FC-B339582B7AD4}.Release|Any CPU.Build.0 = Release|Any CPU
		{C4FB65BC-9245-464B-B748-5F07C3A11B19}.Debug|Any CPU.ActiveCfg = Debug|Any CPU
		{C4FB65BC-9245-464B-B748-5F07C3A11B19}.Debug|Any CPU.Build.0 = Debug|Any CPU
		{C4FB65BC-9245-464B-B748-5F07C3A11B19}.Release|Any CPU.ActiveCfg = Release|Any CPU
		{C4FB65BC-9245-464B-B748-5F07C3A11B19}.Release|Any CPU.Build.0 = Release|Any CPU
		{C32B2058-0F5D-464B-947E-774A4AB98BC4}.Debug|Any CPU.ActiveCfg = Debug|Any CPU
		{C32B2058-0F5D-464B-947E-774A4AB98BC4}.Debug|Any CPU.Build.0 = Debug|Any CPU
		{C32B2058-0F5D-464B-947E-774A4AB98BC4}.Release|Any CPU.ActiveCfg = Release|Any CPU
		{C32B2058-0F5D-464B-947E-774A4AB98BC4}.Release|Any CPU.Build.0 = Release|Any CPU
		{FC9F31A3-DB07-49A0-A587-ED8C9C1BAD57}.Debug|Any CPU.ActiveCfg = Debug|Any CPU
		{FC9F31A3-DB07-49A0-A587-ED8C9C1BAD57}.Debug|Any CPU.Build.0 = Debug|Any CPU
		{FC9F31A3-DB07-49A0-A587-ED8C9C1BAD57}.Release|Any CPU.ActiveCfg = Release|Any CPU
		{FC9F31A3-DB07-49A0-A587-ED8C9C1BAD57}.Release|Any CPU.Build.0 = Release|Any CPU
		{2E52DE28-761F-4CB7-A41F-86FA14A73281}.Debug|Any CPU.ActiveCfg = Debug|Any CPU
		{2E52DE28-761F-4CB7-A41F-86FA14A73281}.Debug|Any CPU.Build.0 = Debug|Any CPU
		{2E52DE28-761F-4CB7-A41F-86FA14A73281}.Release|Any CPU.ActiveCfg = Release|Any CPU
		{2E52DE28-761F-4CB7-A41F-86FA14A73281}.Release|Any CPU.Build.0 = Release|Any CPU
		{1FE0E0DF-0B2E-4647-BCE2-4C51EDDDC0FE}.Debug|Any CPU.ActiveCfg = Debug|Any CPU
		{1FE0E0DF-0B2E-4647-BCE2-4C51EDDDC0FE}.Debug|Any CPU.Build.0 = Debug|Any CPU
		{1FE0E0DF-0B2E-4647-BCE2-4C51EDDDC0FE}.Release|Any CPU.ActiveCfg = Release|Any CPU
		{1FE0E0DF-0B2E-4647-BCE2-4C51EDDDC0FE}.Release|Any CPU.Build.0 = Release|Any CPU
		{75B3B1D5-62ED-47DE-A7F5-4F2FF275CE6D}.Debug|Any CPU.ActiveCfg = Debug|Any CPU
		{75B3B1D5-62ED-47DE-A7F5-4F2FF275CE6D}.Debug|Any CPU.Build.0 = Debug|Any CPU
		{75B3B1D5-62ED-47DE-A7F5-4F2FF275CE6D}.Release|Any CPU.ActiveCfg = Release|Any CPU
		{75B3B1D5-62ED-47DE-A7F5-4F2FF275CE6D}.Release|Any CPU.Build.0 = Release|Any CPU
		{6F1D619A-6DBC-4C24-9AE1-E4B52B83E3D5}.Debug|Any CPU.ActiveCfg = Debug|Any CPU
		{6F1D619A-6DBC-4C24-9AE1-E4B52B83E3D5}.Debug|Any CPU.Build.0 = Debug|Any CPU
		{6F1D619A-6DBC-4C24-9AE1-E4B52B83E3D5}.Release|Any CPU.ActiveCfg = Release|Any CPU
		{6F1D619A-6DBC-4C24-9AE1-E4B52B83E3D5}.Release|Any CPU.Build.0 = Release|Any CPU
		{DDE70DB6-40BA-4AC8-9DF4-9B89A9E86E59}.Debug|Any CPU.ActiveCfg = Debug|Any CPU
		{DDE70DB6-40BA-4AC8-9DF4-9B89A9E86E59}.Debug|Any CPU.Build.0 = Debug|Any CPU
		{DDE70DB6-40BA-4AC8-9DF4-9B89A9E86E59}.Release|Any CPU.ActiveCfg = Release|Any CPU
		{DDE70DB6-40BA-4AC8-9DF4-9B89A9E86E59}.Release|Any CPU.Build.0 = Release|Any CPU
		{B1013944-9554-4C12-BE0E-A6E22F2BE16D}.Debug|Any CPU.ActiveCfg = Debug|Any CPU
		{B1013944-9554-4C12-BE0E-A6E22F2BE16D}.Debug|Any CPU.Build.0 = Debug|Any CPU
		{B1013944-9554-4C12-BE0E-A6E22F2BE16D}.Release|Any CPU.ActiveCfg = Release|Any CPU
		{B1013944-9554-4C12-BE0E-A6E22F2BE16D}.Release|Any CPU.Build.0 = Release|Any CPU
		{0B409839-651A-4B11-949F-FC038CEC0785}.Debug|Any CPU.ActiveCfg = Debug|Any CPU
		{0B409839-651A-4B11-949F-FC038CEC0785}.Debug|Any CPU.Build.0 = Debug|Any CPU
		{0B409839-651A-4B11-949F-FC038CEC0785}.Release|Any CPU.ActiveCfg = Release|Any CPU
		{0B409839-651A-4B11-949F-FC038CEC0785}.Release|Any CPU.Build.0 = Release|Any CPU
		{9DE586C6-0669-4B8B-B8BA-D0C3EFB6B96F}.Debug|Any CPU.ActiveCfg = Debug|Any CPU
		{9DE586C6-0669-4B8B-B8BA-D0C3EFB6B96F}.Debug|Any CPU.Build.0 = Debug|Any CPU
		{9DE586C6-0669-4B8B-B8BA-D0C3EFB6B96F}.Release|Any CPU.ActiveCfg = Release|Any CPU
		{9DE586C6-0669-4B8B-B8BA-D0C3EFB6B96F}.Release|Any CPU.Build.0 = Release|Any CPU
		{24885C48-7B4B-4C2F-98B1-13162ACAA486}.Debug|Any CPU.ActiveCfg = Debug|Any CPU
		{24885C48-7B4B-4C2F-98B1-13162ACAA486}.Debug|Any CPU.Build.0 = Debug|Any CPU
		{24885C48-7B4B-4C2F-98B1-13162ACAA486}.Release|Any CPU.ActiveCfg = Release|Any CPU
		{24885C48-7B4B-4C2F-98B1-13162ACAA486}.Release|Any CPU.Build.0 = Release|Any CPU
		{46F3099B-7A52-497F-A4CD-3C872C17A14C}.Debug|Any CPU.ActiveCfg = Debug|Any CPU
		{46F3099B-7A52-497F-A4CD-3C872C17A14C}.Debug|Any CPU.Build.0 = Debug|Any CPU
		{46F3099B-7A52-497F-A4CD-3C872C17A14C}.Release|Any CPU.ActiveCfg = Release|Any CPU
		{46F3099B-7A52-497F-A4CD-3C872C17A14C}.Release|Any CPU.Build.0 = Release|Any CPU
		{BBCF4C8F-5021-4576-B84D-EC974870B116}.Debug|Any CPU.ActiveCfg = Debug|Any CPU
		{BBCF4C8F-5021-4576-B84D-EC974870B116}.Debug|Any CPU.Build.0 = Debug|Any CPU
		{BBCF4C8F-5021-4576-B84D-EC974870B116}.Release|Any CPU.ActiveCfg = Release|Any CPU
		{BBCF4C8F-5021-4576-B84D-EC974870B116}.Release|Any CPU.Build.0 = Release|Any CPU
		{C1CF56BA-9B96-42BF-90D2-71B0B1CF4B0D}.Debug|Any CPU.ActiveCfg = Debug|Any CPU
		{C1CF56BA-9B96-42BF-90D2-71B0B1CF4B0D}.Debug|Any CPU.Build.0 = Debug|Any CPU
		{C1CF56BA-9B96-42BF-90D2-71B0B1CF4B0D}.Release|Any CPU.ActiveCfg = Release|Any CPU
		{C1CF56BA-9B96-42BF-90D2-71B0B1CF4B0D}.Release|Any CPU.Build.0 = Release|Any CPU
		{388B0F35-00CB-4CBA-80CE-DD604E33172A}.Debug|Any CPU.ActiveCfg = Debug|Any CPU
		{388B0F35-00CB-4CBA-80CE-DD604E33172A}.Debug|Any CPU.Build.0 = Debug|Any CPU
		{388B0F35-00CB-4CBA-80CE-DD604E33172A}.Release|Any CPU.ActiveCfg = Release|Any CPU
		{388B0F35-00CB-4CBA-80CE-DD604E33172A}.Release|Any CPU.Build.0 = Release|Any CPU
	EndGlobalSection
	GlobalSection(SolutionProperties) = preSolution
		HideSolutionNode = FALSE
	EndGlobalSection
	GlobalSection(NestedProjects) = preSolution
		{0E00471F-8C3D-4A41-A2BB-D6047F59C5EC} = {9A1D4555-E5F6-4022-95A7-DB2A6AB37FBA}
		{5717E528-23D8-48B6-9B9F-01E7687EEECA} = {9A1D4555-E5F6-4022-95A7-DB2A6AB37FBA}
		{06046A5D-FAEE-4ED5-96FC-B339582B7AD4} = {9A1D4555-E5F6-4022-95A7-DB2A6AB37FBA}
		{C4FB65BC-9245-464B-B748-5F07C3A11B19} = {9A1D4555-E5F6-4022-95A7-DB2A6AB37FBA}
		{C32B2058-0F5D-464B-947E-774A4AB98BC4} = {F59977D0-E3AE-4C1F-86B7-BAB3FF3551AC}
		{FC9F31A3-DB07-49A0-A587-ED8C9C1BAD57} = {F59977D0-E3AE-4C1F-86B7-BAB3FF3551AC}
		{2E52DE28-761F-4CB7-A41F-86FA14A73281} = {F59977D0-E3AE-4C1F-86B7-BAB3FF3551AC}
		{1FE0E0DF-0B2E-4647-BCE2-4C51EDDDC0FE} = {F59977D0-E3AE-4C1F-86B7-BAB3FF3551AC}
		{75B3B1D5-62ED-47DE-A7F5-4F2FF275CE6D} = {507F4F79-90CE-474E-BA79-86B0D1736D06}
		{6F1D619A-6DBC-4C24-9AE1-E4B52B83E3D5} = {56C05E39-8C27-4080-BC57-5EE3EAFF396C}
		{DDE70DB6-40BA-4AC8-9DF4-9B89A9E86E59} = {56C05E39-8C27-4080-BC57-5EE3EAFF396C}
		{B1013944-9554-4C12-BE0E-A6E22F2BE16D} = {56C05E39-8C27-4080-BC57-5EE3EAFF396C}
		{0B409839-651A-4B11-949F-FC038CEC0785} = {56C05E39-8C27-4080-BC57-5EE3EAFF396C}
		{9DE586C6-0669-4B8B-B8BA-D0C3EFB6B96F} = {56C05E39-8C27-4080-BC57-5EE3EAFF396C}
		{24885C48-7B4B-4C2F-98B1-13162ACAA486} = {15A51346-04FA-4FEB-9FCC-2BED54D94ACE}
		{46F3099B-7A52-497F-A4CD-3C872C17A14C} = {15A51346-04FA-4FEB-9FCC-2BED54D94ACE}
		{BBCF4C8F-5021-4576-B84D-EC974870B116} = {15A51346-04FA-4FEB-9FCC-2BED54D94ACE}
		{C1CF56BA-9B96-42BF-90D2-71B0B1CF4B0D} = {15A51346-04FA-4FEB-9FCC-2BED54D94ACE}
		{388B0F35-00CB-4CBA-80CE-DD604E33172A} = {15A51346-04FA-4FEB-9FCC-2BED54D94ACE}
	EndGlobalSection
	GlobalSection(ExtensibilityGlobals) = postSolution
		SolutionGuid = {F0650C1B-B4EE-468A-BA7C-E0EFF6D408E4}
	EndGlobalSection
EndGlobal
